
Microsoft Visual Studio Solution File, Format Version 12.00
# Visual Studio Version 17
VisualStudioVersion = 17.11.35303.130
MinimumVisualStudioVersion = 10.0.40219.1
Project("{FAE04EC0-301F-11D3-BF4B-00C04F79EFBC}") = "Backend-Lab1-ProjectTemplate", "Backend-Lab1-ProjectTemplate\Backend-Lab1-ProjectTemplate.csproj", "{19AFBB1A-0B01-4E2C-9F26-794F218EE8A9}"
EndProject
Global
	GlobalSection(SolutionConfigurationPlatforms) = preSolution
		Debug|Any CPU = Debug|Any CPU
		Release|Any CPU = Release|Any CPU
	EndGlobalSection
	GlobalSection(ProjectConfigurationPlatforms) = postSolution
		{19AFBB1A-0B01-4E2C-9F26-794F218EE8A9}.Debug|Any CPU.ActiveCfg = Debug|Any CPU
		{19AFBB1A-0B01-4E2C-9F26-794F218EE8A9}.Debug|Any CPU.Build.0 = Debug|Any CPU
		{19AFBB1A-0B01-4E2C-9F26-794F218EE8A9}.Release|Any CPU.ActiveCfg = Release|Any CPU
		{19AFBB1A-0B01-4E2C-9F26-794F218EE8A9}.Release|Any CPU.Build.0 = Release|Any CPU
	EndGlobalSection
	GlobalSection(SolutionProperties) = preSolution
		HideSolutionNode = FALSE
	EndGlobalSection
	GlobalSection(ExtensibilityGlobals) = postSolution
		SolutionGuid = {FF14679D-E900-4B26-ACF9-AFE73FF027A0}
	EndGlobalSection
EndGlobal
